version = 1
revision = 3
requires-python = ">=3.14"

[[package]]
name = "ruff"
version = "0.14.10"
source = { registry = "https://pypi.org/simple" }
sdist = { url = "https://files.pythonhosted.org/packages/57/08/52232a877978dd8f9cf2aeddce3e611b40a63287dfca29b6b8da791f5e8d/ruff-0.14.10.tar.gz", hash = "sha256:9a2e830f075d1a42cd28420d7809ace390832a490ed0966fe373ba288e77aaf4", size = 5859763, upload-time = "2025-12-18T19:28:57.98Z" }
wheels = [
    { url = "https://files.pythonhosted.org/packages/60/01/933704d69f3f05ee16ef11406b78881733c186fe14b6a46b05cfcaf6d3b2/ruff-0.14.10-py3-none-linux_armv6l.whl", hash = "sha256:7a3ce585f2ade3e1f29ec1b92df13e3da262178df8c8bdf876f48fa0e8316c49", size = 13527080, upload-time = "2025-12-18T19:29:25.642Z" },
    { url = "https://files.pythonhosted.org/packages/df/58/a0349197a7dfa603ffb7f5b0470391efa79ddc327c1e29c4851e85b09cc5/ruff-0.14.10-py3-none-macosx_10_12_x86_64.whl", hash = "sha256:674f9be9372907f7257c51f1d4fc902cb7cf014b9980152b802794317941f08f", size = 13797320, upload-time = "2025-12-18T19:29:02.571Z" },
    { url = "https://files.pythonhosted.org/packages/7b/82/36be59f00a6082e38c23536df4e71cdbc6af8d7c707eade97fcad5c98235/ruff-0.14.10-py3-none-macosx_11_0_arm64.whl", hash = "sha256:d85713d522348837ef9df8efca33ccb8bd6fcfc86a2cde3ccb4bc9d28a18003d", size = 12918434, upload-time = "2025-12-18T19:28:51.202Z" },
    { url = "https://files.pythonhosted.org/packages/a6/00/45c62a7f7e34da92a25804f813ebe05c88aa9e0c25e5cb5a7d23dd7450e3/ruff-0.14.10-py3-none-manylinux_2_17_aarch64.manylinux2014_aarch64.whl", hash = "sha256:6987ebe0501ae4f4308d7d24e2d0fe3d7a98430f5adfd0f1fead050a740a3a77", size = 13371961, upload-time = "2025-12-18T19:29:04.991Z" },
    { url = "https://files.pythonhosted.org/packages/40/31/a5906d60f0405f7e57045a70f2d57084a93ca7425f22e1d66904769d1628/ruff-0.14.10-py3-none-manylinux_2_17_armv7l.manylinux2014_armv7l.whl", hash = "sha256:16a01dfb7b9e4eee556fbfd5392806b1b8550c9b4a9f6acd3dbe6812b193c70a", size = 13275629, upload-time = "2025-12-18T19:29:21.381Z" },
    { url = "https://files.pythonhosted.org/packages/3e/60/61c0087df21894cf9d928dc04bcd4fb10e8b2e8dca7b1a276ba2155b2002/ruff-0.14.10-py3-none-manylinux_2_17_i686.manylinux2014_i686.whl", hash = "sha256:7165d31a925b7a294465fa81be8c12a0e9b60fb02bf177e79067c867e71f8b1f", size = 14029234, upload-time = "2025-12-18T19:29:00.132Z" },
    { url = "https://files.pythonhosted.org/packages/44/84/77d911bee3b92348b6e5dab5a0c898d87084ea03ac5dc708f46d88407def/ruff-0.14.10-py3-none-manylinux_2_17_ppc64.manylinux2014_ppc64.whl", hash = "sha256:c561695675b972effb0c0a45db233f2c816ff3da8dcfbe7dfc7eed625f218935", size = 15449890, upload-time = "2025-12-18T19:28:53.573Z" },
    { url = "https://files.pythonhosted.org/packages/e9/36/480206eaefa24a7ec321582dda580443a8f0671fdbf6b1c80e9c3e93a16a/ruff-0.14.10-py3-none-manylinux_2_17_ppc64le.manylinux2014_ppc64le.whl", hash = "sha256:4bb98fcbbc61725968893682fd4df8966a34611239c9fd07a1f6a07e7103d08e", size = 15123172, upload-time = "2025-12-18T19:29:23.453Z" },
    { url = "https://files.pythonhosted.org/packages/5c/38/68e414156015ba80cef5473d57919d27dfb62ec804b96180bafdeaf0e090/ruff-0.14.10-py3-none-manylinux_2_17_s390x.manylinux2014_s390x.whl", hash = "sha256:f24b47993a9d8cb858429e97bdf8544c78029f09b520af615c1d261bf827001d", size = 14460260, upload-time = "2025-12-18T19:29:27.808Z" },
    { url = "https://files.pythonhosted.org/packages/b3/19/9e050c0dca8aba824d67cc0db69fb459c28d8cd3f6855b1405b3f29cc91d/ruff-0.14.10-py3-none-manylinux_2_17_x86_64.manylinux2014_x86_64.whl", hash = "sha256:59aabd2e2c4fd614d2862e7939c34a532c04f1084476d6833dddef4afab87e9f", size = 14229978, upload-time = "2025-12-18T19:29:11.32Z" },
    { url = "https://files.pythonhosted.org/packages/51/eb/e8dd1dd6e05b9e695aa9dd420f4577debdd0f87a5ff2fedda33c09e9be8c/ruff-0.14.10-py3-none-manylinux_2_31_riscv64.whl", hash = "sha256:213db2b2e44be8625002dbea33bb9c60c66ea2c07c084a00d55732689d697a7f", size = 14338036, upload-time = "2025-12-18T19:29:09.184Z" },
    { url = "https://files.pythonhosted.org/packages/6a/12/f3e3a505db7c19303b70af370d137795fcfec136d670d5de5391e295c134/ruff-0.14.10-py3-none-musllinux_1_2_aarch64.whl", hash = "sha256:b914c40ab64865a17a9a5b67911d14df72346a634527240039eb3bd650e5979d", size = 13264051, upload-time = "2025-12-18T19:29:13.431Z" },
    { url = "https://files.pythonhosted.org/packages/08/64/8c3a47eaccfef8ac20e0484e68e0772013eb85802f8a9f7603ca751eb166/ruff-0.14.10-py3-none-musllinux_1_2_armv7l.whl", hash = "sha256:1484983559f026788e3a5c07c81ef7d1e97c1c78ed03041a18f75df104c45405", size = 13283998, upload-time = "2025-12-18T19:29:06.994Z" },
    { url = "https://files.pythonhosted.org/packages/12/84/534a5506f4074e5cc0529e5cd96cfc01bb480e460c7edf5af70d2bcae55e/ruff-0.14.10-py3-none-musllinux_1_2_i686.whl", hash = "sha256:c70427132db492d25f982fffc8d6c7535cc2fd2c83fc8888f05caaa248521e60", size = 13601891, upload-time = "2025-12-18T19:28:55.811Z" },
    { url = "https://files.pythonhosted.org/packages/0d/1e/14c916087d8598917dbad9b2921d340f7884824ad6e9c55de948a93b106d/ruff-0.14.10-py3-none-musllinux_1_2_x86_64.whl", hash = "sha256:5bcf45b681e9f1ee6445d317ce1fa9d6cba9a6049542d1c3d5b5958986be8830", size = 14336660, upload-time = "2025-12-18T19:29:16.531Z" },
    { url = "https://files.pythonhosted.org/packages/f2/1c/d7b67ab43f30013b47c12b42d1acd354c195351a3f7a1d67f59e54227ede/ruff-0.14.10-py3-none-win32.whl", hash = "sha256:104c49fc7ab73f3f3a758039adea978869a918f31b73280db175b43a2d9b51d6", size = 13196187, upload-time = "2025-12-18T19:29:19.006Z" },
    { url = "https://files.pythonhosted.org/packages/fb/9c/896c862e13886fae2af961bef3e6312db9ebc6adc2b156fe95e615dee8c1/ruff-0.14.10-py3-none-win_amd64.whl", hash = "sha256:466297bd73638c6bdf06485683e812db1c00c7ac96d4ddd0294a338c62fdc154", size = 14661283, upload-time = "2025-12-18T19:29:30.16Z" },
    { url = "https://files.pythonhosted.org/packages/74/31/b0e29d572670dca3674eeee78e418f20bdf97fa8aa9ea71380885e175ca0/ruff-0.14.10-py3-none-win_arm64.whl", hash = "sha256:e51d046cf6dda98a4633b8a8a771451107413b0f07183b2bef03f075599e44e6", size = 13729839, upload-time = "2025-12-18T19:28:48.636Z" },
]

[[package]]
name = "ty"
version = "0.0.7"
source = { registry = "https://pypi.org/simple" }
sdist = { url = "https://files.pythonhosted.org/packages/b3/43/8be3ec2e2ce6119cff9ee3a207fae0cb4f2b4f8ed6534175130a32be24a7/ty-0.0.7.tar.gz", hash = "sha256:90e53b20b86c418ee41a8385f17da44cc7f916f96f9eee87593423ce8292ca72", size = 4826677, upload-time = "2025-12-24T21:28:49.136Z" }
wheels = [
    { url = "https://files.pythonhosted.org/packages/6e/56/fafa123acf955089306372add312f16e97aba61f7c4daf74e2bb9c350d23/ty-0.0.7-py3-none-linux_armv6l.whl", hash = "sha256:b30105bd9a0b064497111c50c206d5b6a032f29bcf39f09a12085c3009d72784", size = 9862360, upload-time = "2025-12-24T21:28:36.762Z" },
    { url = "https://files.pythonhosted.org/packages/71/f4/9c30ff498d9a60e24f16d26c0cf93cd03a119913ffa720a77149f02df06e/ty-0.0.7-py3-none-macosx_10_12_x86_64.whl", hash = "sha256:b4df20889115f3d5611a9d9cdedc222e3fd82b5fe87bb0a9f7246e53a23becc7", size = 9712866, upload-time = "2025-12-24T21:28:25.926Z" },
    { url = "https://files.pythonhosted.org/packages/43/84/e06a4a6e4011890027ffee41efbf261b1335103d09009d625ace7f1a60eb/ty-0.0.7-py3-none-macosx_11_0_arm64.whl", hash = "sha256:f699589d8511e1e17c5a7edfc5f4a4e80f2a6d4a3932a0e9e3422fd32d731472", size = 9221692, upload-time = "2025-12-24T21:28:29.649Z" },
    { url = "https://files.pythonhosted.org/packages/7a/e9/ebb4192d3627730125d40ee403a17dc91bab59d69c3eff286453b3218d01/ty-0.0.7-py3-none-manylinux_2_17_aarch64.manylinux2014_aarch64.whl", hash = "sha256:f3eaec2d8aa153ee4bcc43b17a384d0f9e66177c8c8127be3358b6b8348b9e3b", size = 9710340, upload-time = "2025-12-24T21:28:55.148Z" },
    { url = "https://files.pythonhosted.org/packages/8f/4a/ec144458a9cfb324d5cb471483094e62e74d73179343dff262a5cca1a1e1/ty-0.0.7-py3-none-manylinux_2_17_armv7l.manylinux2014_armv7l.whl", hash = "sha256:177d160295e6a56bdf0b61f6120bc4502fff301d4d10855ba711c109aa7f37fb", size = 9670317, upload-time = "2025-12-24T21:28:43.096Z" },
    { url = "https://files.pythonhosted.org/packages/b6/94/fe7106fd5e2ac06b81fba7b785a6216774618edc3fda9e17f58efe3cede6/ty-0.0.7-py3-none-manylinux_2_17_i686.manylinux2014_i686.whl", hash = "sha256:30518b95ab5cc83615794cca765a5fb86df39a0d9c3dadc0ab2d787ab7830008", size = 10096517, upload-time = "2025-12-24T21:28:23.667Z" },
    { url = "https://files.pythonhosted.org/packages/45/d9/db96ccfd663c96bdd4bb63db72899198c01445012f939477a5318a563f14/ty-0.0.7-py3-none-manylinux_2_17_ppc64.manylinux2014_ppc64.whl", hash = "sha256:7867b3f75c2d9602cc6fb3b6d462580b707c2d112d4b27037142b0d01f8bfd03", size = 10996406, upload-time = "2025-12-24T21:28:39.134Z" },
    { url = "https://files.pythonhosted.org/packages/94/da/103915c08c3e6a14f95959614646fcdc9a240cd9a039fadbdcd086c819ee/ty-0.0.7-py3-none-manylinux_2_17_ppc64le.manylinux2014_ppc64le.whl", hash = "sha256:878d45858e209b7904753fbc5155f4cb75dadc20a26bbb77614bfef31580f9ae", size = 10712829, upload-time = "2025-12-24T21:28:27.745Z" },
    { url = "https://files.pythonhosted.org/packages/47/c0/d9be417bc8e459e13e9698978579eec9868f91f4c5d6ef663249967fec8b/ty-0.0.7-py3-none-manylinux_2_17_s390x.manylinux2014_s390x.whl", hash = "sha256:651820b193901825afce40ae68f6a51cd64dbfa4b81a45db90061401261f25e4", size = 10486541, upload-time = "2025-12-24T21:28:45.17Z" },
    { url = "https://files.pythonhosted.org/packages/ad/09/d1858c66620d8ae566e021ad0d7168914b1568841f8fe9e439116ce6b440/ty-0.0.7-py3-none-manylinux_2_17_x86_64.manylinux2014_x86_64.whl", hash = "sha256:f56a5a0c1c045863b1b70c358a392b3f73b8528c5c571d409f19dd465525e116", size = 10255312, upload-time = "2025-12-24T21:28:53.17Z" },
    { url = "https://files.pythonhosted.org/packages/b6/0a/78f75089db491fd5fcc13d2845a0b2771b7f7d377450c64c6616e9c227bc/ty-0.0.7-py3-none-musllinux_1_2_aarch64.whl", hash = "sha256:748218fbc1f7b7f1b9d14e77d4f3d7fec72af794417e26b0185bdb94153afe1c", size = 9696201, upload-time = "2025-12-24T21:28:57.345Z" },
    { url = "https://files.pythonhosted.org/packages/01/9e/b26e94832fd563fef6f77a4487affc77a027b0e53106422c66aafb37fa01/ty-0.0.7-py3-none-musllinux_1_2_armv7l.whl", hash = "sha256:1ff80f3985a52a7358b9069b4a8d223e92cf312544a934a062d6d3a4fb6876b3", size = 9688907, upload-time = "2025-12-24T21:28:59.485Z" },
    { url = "https://files.pythonhosted.org/packages/5a/8f/cc48601fb92c964cf6c34277e0d947076146b7de47aa11b5dbae45e01ce7/ty-0.0.7-py3-none-musllinux_1_2_i686.whl", hash = "sha256:a808910ce672ba4446699f4c021283208f58f988bcfc3bdbdfc6e005819d9ee0", size = 9829982, upload-time = "2025-12-24T21:28:34.429Z" },
    { url = "https://files.pythonhosted.org/packages/b5/af/7fa9c2bfa25865968bded637f7e71f1a712f4fbede88f487b6a9101ab936/ty-0.0.7-py3-none-musllinux_1_2_x86_64.whl", hash = "sha256:2718fea5f314eda01703fb406ec89b1fc8710b3fc6a09bbd6f7a4f3502ddc889", size = 10361037, upload-time = "2025-12-24T21:28:47.027Z" },
    { url = "https://files.pythonhosted.org/packages/1c/5b/1a6ff1495975cd1c02aa8d03bc5c9d8006eaeb8bf354446f88d70f0518fd/ty-0.0.7-py3-none-win32.whl", hash = "sha256:ae89bb8dc50deb66f34eab3113aa61ac5d7f85ecf16279e5918548085a89021c", size = 9295092, upload-time = "2025-12-24T21:28:51.041Z" },
    { url = "https://files.pythonhosted.org/packages/ff/f6/47e9364635d048002354f84d2d0d6dfc9eb166dc67850739f88e1fec4fc5/ty-0.0.7-py3-none-win_amd64.whl", hash = "sha256:25bd20e3d4d0f07b422f9b42711ba24d28116031273bd23dbda66cec14df1c06", size = 10162816, upload-time = "2025-12-24T21:28:41.006Z" },
    { url = "https://files.pythonhosted.org/packages/7f/f4/c4fc28410c4493982b7481fb23f62bacb02fd2912ebec3b9bc7de18bebb8/ty-0.0.7-py3-none-win_arm64.whl", hash = "sha256:c87d27484dba9fca0053b6a9eee47eecc760aab2bbb8e6eab3d7f81531d1ad0c", size = 9653112, upload-time = "2025-12-24T21:28:31.562Z" },
]

[[package]]
name = "wiki-bot"
version = "1.0.0"
source = { virtual = "." }

[package.dev-dependencies]
dev = [
    { name = "ruff" },
    { name = "ty" },
]

[package.metadata]

[package.metadata.requires-dev]
dev = [
    { name = "ruff", specifier = ">=0.14.10" },
    { name = "ty", specifier = ">=0.0.7" },
]
